// !$*UTF8*$!
{
	archiveVersion = 1;
	classes = {
	};
	objectVersion = 50;
	objects = {

/* Begin PBXBuildFile section */
		D82AB70626B09B6C00DD3F0D /* TextViews.swift in Sources */ = {isa = PBXBuildFile; fileRef = D82AB70526B09B6C00DD3F0D /* TextViews.swift */; };
		D844812226A6C2F6004B3EF6 /* Game.swift in Sources */ = {isa = PBXBuildFile; fileRef = D844812126A6C2F6004B3EF6 /* Game.swift */; };
		D89A5FC426B143E3002C7017 /* RoundViews.swift in Sources */ = {isa = PBXBuildFile; fileRef = D89A5FC326B143E3002C7017 /* RoundViews.swift */; };
		D89A5FC626B14A75002C7017 /* BackgroundView.swift in Sources */ = {isa = PBXBuildFile; fileRef = D89A5FC526B14A75002C7017 /* BackgroundView.swift */; };
		D8A3476C26EE955D0001993F /* Constants.swift in Sources */ = {isa = PBXBuildFile; fileRef = D8A3476B26EE955D0001993F /* Constants.swift */; };
		D8B8613926E8CA2300B609E9 /* PointsView.swift in Sources */ = {isa = PBXBuildFile; fileRef = D8B8613826E8CA2300B609E9 /* PointsView.swift */; };
		D8D55E6826F349B9007484E9 /* LeaderboardView.swift in Sources */ = {isa = PBXBuildFile; fileRef = D8D55E6726F349B9007484E9 /* LeaderboardView.swift */; };
		D8FD312D26A5926900D3FBA9 /* BullseyeApp.swift in Sources */ = {isa = PBXBuildFile; fileRef = D8FD312C26A5926900D3FBA9 /* BullseyeApp.swift */; };
		D8FD312F26A5926900D3FBA9 /* ContentView.swift in Sources */ = {isa = PBXBuildFile; fileRef = D8FD312E26A5926900D3FBA9 /* ContentView.swift */; };
		D8FD313126A5926E00D3FBA9 /* Assets.xcassets in Resources */ = {isa = PBXBuildFile; fileRef = D8FD313026A5926E00D3FBA9 /* Assets.xcassets */; };
		D8FD313426A5926E00D3FBA9 /* Preview Assets.xcassets in Resources */ = {isa = PBXBuildFile; fileRef = D8FD313326A5926E00D3FBA9 /* Preview Assets.xcassets */; };
		D8FD313F26A5926F00D3FBA9 /* BullseyeTests.swift in Sources */ = {isa = PBXBuildFile; fileRef = D8FD313E26A5926F00D3FBA9 /* BullseyeTests.swift */; };
		D8FD314A26A5926F00D3FBA9 /* BullseyeUITests.swift in Sources */ = {isa = PBXBuildFile; fileRef = D8FD314926A5926F00D3FBA9 /* BullseyeUITests.swift */; };
/* End PBXBuildFile section */

/* Begin PBXContainerItemProxy section */
		D8FD313B26A5926F00D3FBA9 /* PBXContainerItemProxy */ = {
			isa = PBXContainerItemProxy;
			containerPortal = D8FD312126A5926900D3FBA9 /* Project object */;
			proxyType = 1;
			remoteGlobalIDString = D8FD312826A5926900D3FBA9;
			remoteInfo = Bullseye;
		};
		D8FD314626A5926F00D3FBA9 /* PBXContainerItemProxy */ = {
			isa = PBXContainerItemProxy;
			containerPortal = D8FD312126A5926900D3FBA9 /* Project object */;
			proxyType = 1;
			remoteGlobalIDString = D8FD312826A5926900D3FBA9;
			remoteInfo = Bullseye;
		};
/* End PBXContainerItemProxy section */

/* Begin PBXFileReference section */
		D82AB70526B09B6C00DD3F0D /* TextViews.swift */ = {isa = PBXFileReference; lastKnownFileType = sourcecode.swift; path = TextViews.swift; sourceTree = "<group>"; };
		D844812126A6C2F6004B3EF6 /* Game.swift */ = {isa = PBXFileReference; lastKnownFileType = sourcecode.swift; path = Game.swift; sourceTree = "<group>"; };
		D89A5FC326B143E3002C7017 /* RoundViews.swift */ = {isa = PBXFileReference; lastKnownFileType = sourcecode.swift; path = RoundViews.swift; sourceTree = "<group>"; };
		D89A5FC526B14A75002C7017 /* BackgroundView.swift */ = {isa = PBXFileReference; lastKnownFileType = sourcecode.swift; path = BackgroundView.swift; sourceTree = "<group>"; };
		D8A3476B26EE955D0001993F /* Constants.swift */ = {isa = PBXFileReference; lastKnownFileType = sourcecode.swift; path = Constants.swift; sourceTree = "<group>"; };
		D8B8613826E8CA2300B609E9 /* PointsView.swift */ = {isa = PBXFileReference; lastKnownFileType = sourcecode.swift; path = PointsView.swift; sourceTree = "<group>"; };
		D8D55E6726F349B9007484E9 /* LeaderboardView.swift */ = {isa = PBXFileReference; lastKnownFileType = sourcecode.swift; path = LeaderboardView.swift; sourceTree = "<group>"; };
		D8FD312926A5926900D3FBA9 /* Bullseye.app */ = {isa = PBXFileReference; explicitFileType = wrapper.application; includeInIndex = 0; path = Bullseye.app; sourceTree = BUILT_PRODUCTS_DIR; };
		D8FD312C26A5926900D3FBA9 /* BullseyeApp.swift */ = {isa = PBXFileReference; lastKnownFileType = sourcecode.swift; path = BullseyeApp.swift; sourceTree = "<group>"; };
		D8FD312E26A5926900D3FBA9 /* ContentView.swift */ = {isa = PBXFileReference; lastKnownFileType = sourcecode.swift; path = ContentView.swift; sourceTree = "<group>"; };
		D8FD313026A5926E00D3FBA9 /* Assets.xcassets */ = {isa = PBXFileReference; lastKnownFileType = folder.assetcatalog; path = Assets.xcassets; sourceTree = "<group>"; };
		D8FD313326A5926E00D3FBA9 /* Preview Assets.xcassets */ = {isa = PBXFileReference; lastKnownFileType = folder.assetcatalog; path = "Preview Assets.xcassets"; sourceTree = "<group>"; };
		D8FD313526A5926E00D3FBA9 /* Info.plist */ = {isa = PBXFileReference; lastKnownFileType = text.plist.xml; path = Info.plist; sourceTree = "<group>"; };
		D8FD313A26A5926F00D3FBA9 /* BullseyeTests.xctest */ = {isa = PBXFileReference; explicitFileType = wrapper.cfbundle; includeInIndex = 0; path = BullseyeTests.xctest; sourceTree = BUILT_PRODUCTS_DIR; };
		D8FD313E26A5926F00D3FBA9 /* BullseyeTests.swift */ = {isa = PBXFileReference; lastKnownFileType = sourcecode.swift; path = BullseyeTests.swift; sourceTree = "<group>"; };
		D8FD314026A5926F00D3FBA9 /* Info.plist */ = {isa = PBXFileReference; lastKnownFileType = text.plist.xml; path = Info.plist; sourceTree = "<group>"; };
		D8FD314526A5926F00D3FBA9 /* BullseyeUITests.xctest */ = {isa = PBXFileReference; explicitFileType = wrapper.cfbundle; includeInIndex = 0; path = BullseyeUITests.xctest; sourceTree = BUILT_PRODUCTS_DIR; };
		D8FD314926A5926F00D3FBA9 /* BullseyeUITests.swift */ = {isa = PBXFileReference; lastKnownFileType = sourcecode.swift; path = BullseyeUITests.swift; sourceTree = "<group>"; };
		D8FD314B26A5926F00D3FBA9 /* Info.plist */ = {isa = PBXFileReference; lastKnownFileType = text.plist.xml; path = Info.plist; sourceTree = "<group>"; };
/* End PBXFileReference section */

/* Begin PBXFrameworksBuildPhase section */
		D8FD312626A5926900D3FBA9 /* Frameworks */ = {
			isa = PBXFrameworksBuildPhase;
			buildActionMask = 2147483647;
			files = (
			);
			runOnlyForDeploymentPostprocessing = 0;
		};
		D8FD313726A5926F00D3FBA9 /* Frameworks */ = {
			isa = PBXFrameworksBuildPhase;
			buildActionMask = 2147483647;
			files = (
			);
			runOnlyForDeploymentPostprocessing = 0;
		};
		D8FD314226A5926F00D3FBA9 /* Frameworks */ = {
			isa = PBXFrameworksBuildPhase;
			buildActionMask = 2147483647;
			files = (
			);
			runOnlyForDeploymentPostprocessing = 0;
		};
/* End PBXFrameworksBuildPhase section */

/* Begin PBXGroup section */
		D844811E26A6C240004B3EF6 /* Models */ = {
			isa = PBXGroup;
			children = (
				D844812126A6C2F6004B3EF6 /* Game.swift */,
				D8A3476B26EE955D0001993F /* Constants.swift */,
			);
			path = Models;
			sourceTree = "<group>";
		};
		D844811F26A6C259004B3EF6 /* Views */ = {
			isa = PBXGroup;
			children = (
				D8FD312E26A5926900D3FBA9 /* ContentView.swift */,
				D82AB70526B09B6C00DD3F0D /* TextViews.swift */,
				D89A5FC326B143E3002C7017 /* RoundViews.swift */,
				D89A5FC526B14A75002C7017 /* BackgroundView.swift */,
				D8B8613826E8CA2300B609E9 /* PointsView.swift */,
				D8D55E6726F349B9007484E9 /* LeaderboardView.swift */,
			);
			path = Views;
			sourceTree = "<group>";
		};
		D844812026A6C269004B3EF6 /* App */ = {
			isa = PBXGroup;
			children = (
				D8FD312C26A5926900D3FBA9 /* BullseyeApp.swift */,
				D8FD313026A5926E00D3FBA9 /* Assets.xcassets */,
				D8FD313526A5926E00D3FBA9 /* Info.plist */,
			);
			path = App;
			sourceTree = "<group>";
		};
		D8FD312026A5926900D3FBA9 = {
			isa = PBXGroup;
			children = (
				D8FD312B26A5926900D3FBA9 /* Bullseye */,
				D8FD313D26A5926F00D3FBA9 /* BullseyeTests */,
				D8FD314826A5926F00D3FBA9 /* BullseyeUITests */,
				D8FD312A26A5926900D3FBA9 /* Products */,
			);
			sourceTree = "<group>";
		};
		D8FD312A26A5926900D3FBA9 /* Products */ = {
			isa = PBXGroup;
			children = (
				D8FD312926A5926900D3FBA9 /* Bullseye.app */,
				D8FD313A26A5926F00D3FBA9 /* BullseyeTests.xctest */,
				D8FD314526A5926F00D3FBA9 /* BullseyeUITests.xctest */,
			);
			name = Products;
			sourceTree = "<group>";
		};
		D8FD312B26A5926900D3FBA9 /* Bullseye */ = {
			isa = PBXGroup;
			children = (
				D844812026A6C269004B3EF6 /* App */,
				D844811F26A6C259004B3EF6 /* Views */,
				D844811E26A6C240004B3EF6 /* Models */,
				D8FD313226A5926E00D3FBA9 /* Preview Content */,
			);
			path = Bullseye;
			sourceTree = "<group>";
		};
		D8FD313226A5926E00D3FBA9 /* Preview Content */ = {
			isa = PBXGroup;
			children = (
				D8FD313326A5926E00D3FBA9 /* Preview Assets.xcassets */,
			);
			path = "Preview Content";
			sourceTree = "<group>";
		};
		D8FD313D26A5926F00D3FBA9 /* BullseyeTests */ = {
			isa = PBXGroup;
			children = (
				D8FD313E26A5926F00D3FBA9 /* BullseyeTests.swift */,
				D8FD314026A5926F00D3FBA9 /* Info.plist */,
			);
			path = BullseyeTests;
			sourceTree = "<group>";
		};
		D8FD314826A5926F00D3FBA9 /* BullseyeUITests */ = {
			isa = PBXGroup;
			children = (
				D8FD314926A5926F00D3FBA9 /* BullseyeUITests.swift */,
				D8FD314B26A5926F00D3FBA9 /* Info.plist */,
			);
			path = BullseyeUITests;
			sourceTree = "<group>";
		};
/* End PBXGroup section */

/* Begin PBXNativeTarget section */
		D8FD312826A5926900D3FBA9 /* Bullseye */ = {
			isa = PBXNativeTarget;
			buildConfigurationList = D8FD314E26A5926F00D3FBA9 /* Build configuration list for PBXNativeTarget "Bullseye" */;
			buildPhases = (
				D8FD312526A5926900D3FBA9 /* Sources */,
				D8FD312626A5926900D3FBA9 /* Frameworks */,
				D8FD312726A5926900D3FBA9 /* Resources */,
			);
			buildRules = (
			);
			dependencies = (
			);
			name = Bullseye;
			productName = Bullseye;
			productReference = D8FD312926A5926900D3FBA9 /* Bullseye.app */;
			productType = "com.apple.product-type.application";
		};
		D8FD313926A5926F00D3FBA9 /* BullseyeTests */ = {
			isa = PBXNativeTarget;
			buildConfigurationList = D8FD315126A5926F00D3FBA9 /* Build configuration list for PBXNativeTarget "BullseyeTests" */;
			buildPhases = (
				D8FD313626A5926F00D3FBA9 /* Sources */,
				D8FD313726A5926F00D3FBA9 /* Frameworks */,
				D8FD313826A5926F00D3FBA9 /* Resources */,
			);
			buildRules = (
			);
			dependencies = (
				D8FD313C26A5926F00D3FBA9 /* PBXTargetDependency */,
			);
			name = BullseyeTests;
			productName = BullseyeTests;
			productReference = D8FD313A26A5926F00D3FBA9 /* BullseyeTests.xctest */;
			productType = "com.apple.product-type.bundle.unit-test";
		};
		D8FD314426A5926F00D3FBA9 /* BullseyeUITests */ = {
			isa = PBXNativeTarget;
			buildConfigurationList = D8FD315426A5926F00D3FBA9 /* Build configuration list for PBXNativeTarget "BullseyeUITests" */;
			buildPhases = (
				D8FD314126A5926F00D3FBA9 /* Sources */,
				D8FD314226A5926F00D3FBA9 /* Frameworks */,
				D8FD314326A5926F00D3FBA9 /* Resources */,
			);
			buildRules = (
			);
			dependencies = (
				D8FD314726A5926F00D3FBA9 /* PBXTargetDependency */,
			);
			name = BullseyeUITests;
			productName = BullseyeUITests;
			productReference = D8FD314526A5926F00D3FBA9 /* BullseyeUITests.xctest */;
			productType = "com.apple.product-type.bundle.ui-testing";
		};
/* End PBXNativeTarget section */

/* Begin PBXProject section */
		D8FD312126A5926900D3FBA9 /* Project object */ = {
			isa = PBXProject;
			attributes = {
				LastSwiftUpdateCheck = 1250;
				LastUpgradeCheck = 1250;
				TargetAttributes = {
					D8FD312826A5926900D3FBA9 = {
						CreatedOnToolsVersion = 12.5;
					};
					D8FD313926A5926F00D3FBA9 = {
						CreatedOnToolsVersion = 12.5;
						TestTargetID = D8FD312826A5926900D3FBA9;
					};
					D8FD314426A5926F00D3FBA9 = {
						CreatedOnToolsVersion = 12.5;
						TestTargetID = D8FD312826A5926900D3FBA9;
					};
				};
			};
			buildConfigurationList = D8FD312426A5926900D3FBA9 /* Build configuration list for PBXProject "Bullseye" */;
			compatibilityVersion = "Xcode 9.3";
			developmentRegion = en;
			hasScannedForEncodings = 0;
			knownRegions = (
				en,
				Base,
			);
			mainGroup = D8FD312026A5926900D3FBA9;
			productRefGroup = D8FD312A26A5926900D3FBA9 /* Products */;
			projectDirPath = "";
			projectRoot = "";
			targets = (
				D8FD312826A5926900D3FBA9 /* Bullseye */,
				D8FD313926A5926F00D3FBA9 /* BullseyeTests */,
				D8FD314426A5926F00D3FBA9 /* BullseyeUITests */,
			);
		};
/* End PBXProject section */

/* Begin PBXResourcesBuildPhase section */
		D8FD312726A5926900D3FBA9 /* Resources */ = {
			isa = PBXResourcesBuildPhase;
			buildActionMask = 2147483647;
			files = (
				D8FD313426A5926E00D3FBA9 /* Preview Assets.xcassets in Resources */,
				D8FD313126A5926E00D3FBA9 /* Assets.xcassets in Resources */,
			);
			runOnlyForDeploymentPostprocessing = 0;
		};
		D8FD313826A5926F00D3FBA9 /* Resources */ = {
			isa = PBXResourcesBuildPhase;
			buildActionMask = 2147483647;
			files = (
			);
			runOnlyForDeploymentPostprocessing = 0;
		};
		D8FD314326A5926F00D3FBA9 /* Resources */ = {
			isa = PBXResourcesBuildPhase;
			buildActionMask = 2147483647;
			files = (
			);
			runOnlyForDeploymentPostprocessing = 0;
		};
/* End PBXResourcesBuildPhase section */

/* Begin PBXSourcesBuildPhase section */
		D8FD312526A5926900D3FBA9 /* Sources */ = {
			isa = PBXSourcesBuildPhase;
			buildActionMask = 2147483647;
			files = (
				D89A5FC426B143E3002C7017 /* RoundViews.swift in Sources */,
				D8FD312F26A5926900D3FBA9 /* ContentView.swift in Sources */,
				D82AB70626B09B6C00DD3F0D /* TextViews.swift in Sources */,
				D8A3476C26EE955D0001993F /* Constants.swift in Sources */,
				D8D55E6826F349B9007484E9 /* LeaderboardView.swift in Sources */,
				D89A5FC626B14A75002C7017 /* BackgroundView.swift in Sources */,
				D8B8613926E8CA2300B609E9 /* PointsView.swift in Sources */,
				D844812226A6C2F6004B3EF6 /* Game.swift in Sources */,
				D8FD312D26A5926900D3FBA9 /* BullseyeApp.swift in Sources */,
			);
			runOnlyForDeploymentPostprocessing = 0;
		};
		D8FD313626A5926F00D3FBA9 /* Sources */ = {
			isa = PBXSourcesBuildPhase;
			buildActionMask = 2147483647;
			files = (
				D8FD313F26A5926F00D3FBA9 /* BullseyeTests.swift in Sources */,
			);
			runOnlyForDeploymentPostprocessing = 0;
		};
		D8FD314126A5926F00D3FBA9 /* Sources */ = {
			isa = PBXSourcesBuildPhase;
			buildActionMask = 2147483647;
			files = (
				D8FD314A26A5926F00D3FBA9 /* BullseyeUITests.swift in Sources */,
			);
			runOnlyForDeploymentPostprocessing = 0;
		};
/* End PBXSourcesBuildPhase section */

/* Begin PBXTargetDependency section */
		D8FD313C26A5926F00D3FBA9 /* PBXTargetDependency */ = {
			isa = PBXTargetDependency;
			target = D8FD312826A5926900D3FBA9 /* Bullseye */;
			targetProxy = D8FD313B26A5926F00D3FBA9 /* PBXContainerItemProxy */;
		};
		D8FD314726A5926F00D3FBA9 /* PBXTargetDependency */ = {
			isa = PBXTargetDependency;
			target = D8FD312826A5926900D3FBA9 /* Bullseye */;
			targetProxy = D8FD314626A5926F00D3FBA9 /* PBXContainerItemProxy */;
		};
/* End PBXTargetDependency section */

/* Begin XCBuildConfiguration section */
		D8FD314C26A5926F00D3FBA9 /* Debug */ = {
			isa = XCBuildConfiguration;
			buildSettings = {
				ALWAYS_SEARCH_USER_PATHS = NO;
				CLANG_ANALYZER_NONNULL = YES;
				CLANG_ANALYZER_NUMBER_OBJECT_CONVERSION = YES_AGGRESSIVE;
				CLANG_CXX_LANGUAGE_STANDARD = "gnu++14";
				CLANG_CXX_LIBRARY = "libc++";
				CLANG_ENABLE_MODULES = YES;
				CLANG_ENABLE_OBJC_ARC = YES;
				CLANG_ENABLE_OBJC_WEAK = YES;
				CLANG_WARN_BLOCK_CAPTURE_AUTORELEASING = YES;
				CLANG_WARN_BOOL_CONVERSION = YES;
				CLANG_WARN_COMMA = YES;
				CLANG_WARN_CONSTANT_CONVERSION = YES;
				CLANG_WARN_DEPRECATED_OBJC_IMPLEMENTATIONS = YES;
				CLANG_WARN_DIRECT_OBJC_ISA_USAGE = YES_ERROR;
				CLANG_WARN_DOCUMENTATION_COMMENTS = YES;
				CLANG_WARN_EMPTY_BODY = YES;
				CLANG_WARN_ENUM_CONVERSION = YES;
				CLANG_WARN_INFINITE_RECURSION = YES;
				CLANG_WARN_INT_CONVERSION = YES;
				CLANG_WARN_NON_LITERAL_NULL_CONVERSION = YES;
				CLANG_WARN_OBJC_IMPLICIT_RETAIN_SELF = YES;
				CLANG_WARN_OBJC_LITERAL_CONVERSION = YES;
				CLANG_WARN_OBJC_ROOT_CLASS = YES_ERROR;
				CLANG_WARN_QUOTED_INCLUDE_IN_FRAMEWORK_HEADER = YES;
				CLANG_WARN_RANGE_LOOP_ANALYSIS = YES;
				CLANG_WARN_STRICT_PROTOTYPES = YES;
				CLANG_WARN_SUSPICIOUS_MOVE = YES;
				CLANG_WARN_UNGUARDED_AVAILABILITY = YES_AGGRESSIVE;
				CLANG_WARN_UNREACHABLE_CODE = YES;
				CLANG_WARN__DUPLICATE_METHOD_MATCH = YES;
				COPY_PHASE_STRIP = NO;
				DEBUG_INFORMATION_FORMAT = dwarf;
				ENABLE_STRICT_OBJC_MSGSEND = YES;
				ENABLE_TESTABILITY = YES;
				GCC_C_LANGUAGE_STANDARD = gnu11;
				GCC_DYNAMIC_NO_PIC = NO;
				GCC_NO_COMMON_BLOCKS = YES;
				GCC_OPTIMIZATION_LEVEL = 0;
				GCC_PREPROCESSOR_DEFINITIONS = (
					"DEBUG=1",
					"$(inherited)",
				);
				GCC_WARN_64_TO_32_BIT_CONVERSION = YES;
				GCC_WARN_ABOUT_RETURN_TYPE = YES_ERROR;
				GCC_WARN_UNDECLARED_SELECTOR = YES;
				GCC_WARN_UNINITIALIZED_AUTOS = YES_AGGRESSIVE;
				GCC_WARN_UNUSED_FUNCTION = YES;
				GCC_WARN_UNUSED_VARIABLE = YES;
				IPHONEOS_DEPLOYMENT_TARGET = 14.5;
				MTL_ENABLE_DEBUG_INFO = INCLUDE_SOURCE;
				MTL_FAST_MATH = YES;
				ONLY_ACTIVE_ARCH = YES;
				SDKROOT = iphoneos;
				SWIFT_ACTIVE_COMPILATION_CONDITIONS = DEBUG;
				SWIFT_OPTIMIZATION_LEVEL = "-Onone";
			};
			name = Debug;
		};
		D8FD314D26A5926F00D3FBA9 /* Release */ = {
			isa = XCBuildConfiguration;
			buildSettings = {
				ALWAYS_SEARCH_USER_PATHS = NO;
				CLANG_ANALYZER_NONNULL = YES;
				CLANG_ANALYZER_NUMBER_OBJECT_CONVERSION = YES_AGGRESSIVE;
				CLANG_CXX_LANGUAGE_STANDARD = "gnu++14";
				CLANG_CXX_LIBRARY = "libc++";
				CLANG_ENABLE_MODULES = YES;
				CLANG_ENABLE_OBJC_ARC = YES;
				CLANG_ENABLE_OBJC_WEAK = YES;
				CLANG_WARN_BLOCK_CAPTURE_AUTORELEASING = YES;
				CLANG_WARN_BOOL_CONVERSION = YES;
				CLANG_WARN_COMMA = YES;
				CLANG_WARN_CONSTANT_CONVERSION = YES;
				CLANG_WARN_DEPRECATED_OBJC_IMPLEMENTATIONS = YES;
				CLANG_WARN_DIRECT_OBJC_ISA_USAGE = YES_ERROR;
				CLANG_WARN_DOCUMENTATION_COMMENTS = YES;
				CLANG_WARN_EMPTY_BODY = YES;
				CLANG_WARN_ENUM_CONVERSION = YES;
				CLANG_WARN_INFINITE_RECURSION = YES;
				CLANG_WARN_INT_CONVERSION = YES;
				CLANG_WARN_NON_LITERAL_NULL_CONVERSION = YES;
				CLANG_WARN_OBJC_IMPLICIT_RETAIN_SELF = YES;
				CLANG_WARN_OBJC_LITERAL_CONVERSION = YES;
				CLANG_WARN_OBJC_ROOT_CLASS = YES_ERROR;
				CLANG_WARN_QUOTED_INCLUDE_IN_FRAMEWORK_HEADER = YES;
				CLANG_WARN_RANGE_LOOP_ANALYSIS = YES;
				CLANG_WARN_STRICT_PROTOTYPES = YES;
				CLANG_WARN_SUSPICIOUS_MOVE = YES;
				CLANG_WARN_UNGUARDED_AVAILABILITY = YES_AGGRESSIVE;
				CLANG_WARN_UNREACHABLE_CODE = YES;
				CLANG_WARN__DUPLICATE_METHOD_MATCH = YES;
				COPY_PHASE_STRIP = NO;
				DEBUG_INFORMATION_FORMAT = "dwarf-with-dsym";
				ENABLE_NS_ASSERTIONS = NO;
				ENABLE_STRICT_OBJC_MSGSEND = YES;
				GCC_C_LANGUAGE_STANDARD = gnu11;
				GCC_NO_COMMON_BLOCKS = YES;
				GCC_WARN_64_TO_32_BIT_CONVERSION = YES;
				GCC_WARN_ABOUT_RETURN_TYPE = YES_ERROR;
				GCC_WARN_UNDECLARED_SELECTOR = YES;
				GCC_WARN_UNINITIALIZED_AUTOS = YES_AGGRESSIVE;
				GCC_WARN_UNUSED_FUNCTION = YES;
				GCC_WARN_UNUSED_VARIABLE = YES;
				IPHONEOS_DEPLOYMENT_TARGET = 14.5;
				MTL_ENABLE_DEBUG_INFO = NO;
				MTL_FAST_MATH = YES;
				SDKROOT = iphoneos;
				SWIFT_COMPILATION_MODE = wholemodule;
				SWIFT_OPTIMIZATION_LEVEL = "-O";
				VALIDATE_PRODUCT = YES;
			};
			name = Release;
		};
		D8FD314F26A5926F00D3FBA9 /* Debug */ = {
			isa = XCBuildConfiguration;
			buildSettings = {
				ASSETCATALOG_COMPILER_APPICON_NAME = AppIcon;
				ASSETCATALOG_COMPILER_GLOBAL_ACCENT_COLOR_NAME = AccentColor;
				CODE_SIGN_STYLE = Automatic;
				DEVELOPMENT_ASSET_PATHS = "\"Bullseye/Preview Content\"";
				DEVELOPMENT_TEAM = 7QUXPJRC74;
				ENABLE_PREVIEWS = YES;
				INFOPLIST_FILE = Bullseye/App/Info.plist;
				IPHONEOS_DEPLOYMENT_TARGET = 14.0;
				LD_RUNPATH_SEARCH_PATHS = (
					"$(inherited)",
					"@executable_path/Frameworks",
				);
				PRODUCT_BUNDLE_IDENTIFIER = com.devkrazy.Bullseye;
				PRODUCT_NAME = "$(TARGET_NAME)";
				SWIFT_VERSION = 5.0;
				TARGETED_DEVICE_FAMILY = "1,2";
			};
			name = Debug;
		};
		D8FD315026A5926F00D3FBA9 /* Release */ = {
			isa = XCBuildConfiguration;
			buildSettings = {
				ASSETCATALOG_COMPILER_APPICON_NAME = AppIcon;
				ASSETCATALOG_COMPILER_GLOBAL_ACCENT_COLOR_NAME = AccentColor;
				CODE_SIGN_STYLE = Automatic;
				DEVELOPMENT_ASSET_PATHS = "\"Bullseye/Preview Content\"";
				DEVELOPMENT_TEAM = 7QUXPJRC74;
				ENABLE_PREVIEWS = YES;
				INFOPLIST_FILE = Bullseye/App/Info.plist;
				IPHONEOS_DEPLOYMENT_TARGET = 14.0;
				LD_RUNPATH_SEARCH_PATHS = (
					"$(inherited)",
					"@executable_path/Frameworks",
				);
				PRODUCT_BUNDLE_IDENTIFIER = com.devkrazy.Bullseye;
				PRODUCT_NAME = "$(TARGET_NAME)";
				SWIFT_VERSION = 5.0;
				TARGETED_DEVICE_FAMILY = "1,2";
			};
			name = Release;
		};
		D8FD315226A5926F00D3FBA9 /* Debug */ = {
			isa = XCBuildConfiguration;
			buildSettings = {
				ALWAYS_EMBED_SWIFT_STANDARD_LIBRARIES = YES;
				BUNDLE_LOADER = "$(TEST_HOST)";
				CODE_SIGN_STYLE = Automatic;
				DEVELOPMENT_TEAM = 7QUXPJRC74;
				INFOPLIST_FILE = BullseyeTests/Info.plist;
				IPHONEOS_DEPLOYMENT_TARGET = 14.0;
				LD_RUNPATH_SEARCH_PATHS = (
					"$(inherited)",
					"@executable_path/Frameworks",
					"@loader_path/Frameworks",
				);
				PRODUCT_BUNDLE_IDENTIFIER = com.devkrazy.BullseyeTests;
				PRODUCT_NAME = "$(TARGET_NAME)";
				SWIFT_VERSION = 5.0;
				TARGETED_DEVICE_FAMILY = "1,2";
				TEST_HOST = "$(BUILT_PRODUCTS_DIR)/Bullseye.app/Bullseye";
			};
			name = Debug;
		};
		D8FD315326A5926F00D3FBA9 /* Release */ = {
			isa = XCBuildConfiguration;
			buildSettings = {
				ALWAYS_EMBED_SWIFT_STANDARD_LIBRARIES = YES;
				BUNDLE_LOADER = "$(TEST_HOST)";
				CODE_SIGN_STYLE = Automatic;
				DEVELOPMENT_TEAM = 7QUXPJRC74;
				INFOPLIST_FILE = BullseyeTests/Info.plist;
				IPHONEOS_DEPLOYMENT_TARGET = 14.0;
				LD_RUNPATH_SEARCH_PATHS = (
					"$(inherited)",
					"@executable_path/Frameworks",
					"@loader_path/Frameworks",
				);
				PRODUCT_BUNDLE_IDENTIFIER = com.devkrazy.BullseyeTests;
				PRODUCT_NAME = "$(TARGET_NAME)";
				SWIFT_VERSION = 5.0;
				TARGETED_DEVICE_FAMILY = "1,2";
				TEST_HOST = "$(BUILT_PRODUCTS_DIR)/Bullseye.app/Bullseye";
			};
			name = Release;
		};
		D8FD315526A5926F00D3FBA9 /* Debug */ = {
			isa = XCBuildConfiguration;
			buildSettings = {
				ALWAYS_EMBED_SWIFT_STANDARD_LIBRARIES = YES;
				CODE_SIGN_STYLE = Automatic;
				DEVELOPMENT_TEAM = 7QUXPJRC74;
				INFOPLIST_FILE = BullseyeUITests/Info.plist;
				LD_RUNPATH_SEARCH_PATHS = (
					"$(inherited)",
					"@executable_path/Frameworks",
					"@loader_path/Frameworks",
				);
				PRODUCT_BUNDLE_IDENTIFIER = com.devkrazy.BullseyeUITests;
				PRODUCT_NAME = "$(TARGET_NAME)";
				SWIFT_VERSION = 5.0;
				TARGETED_DEVICE_FAMILY = "1,2";
				TEST_TARGET_NAME = Bullseye;
			};
			name = Debug;
		};
		D8FD315626A5926F00D3FBA9 /* Release */ = {
			isa = XCBuildConfiguration;
			buildSettings = {
				ALWAYS_EMBED_SWIFT_STANDARD_LIBRARIES = YES;
				CODE_SIGN_STYLE = Automatic;
				DEVELOPMENT_TEAM = 7QUXPJRC74;
				INFOPLIST_FILE = BullseyeUITests/Info.plist;
				LD_RUNPATH_SEARCH_PATHS = (
					"$(inherited)",
					"@executable_path/Frameworks",
					"@loader_path/Frameworks",
				);
				PRODUCT_BUNDLE_IDENTIFIER = com.devkrazy.BullseyeUITests;
				PRODUCT_NAME = "$(TARGET_NAME)";
				SWIFT_VERSION = 5.0;
				TARGETED_DEVICE_FAMILY = "1,2";
				TEST_TARGET_NAME = Bullseye;
			};
			name = Release;
		};
/* End XCBuildConfiguration section */

/* Begin XCConfigurationList section */
		D8FD312426A5926900D3FBA9 /* Build configuration list for PBXProject "Bullseye" */ = {
			isa = XCConfigurationList;
			buildConfigurations = (
				D8FD314C26A5926F00D3FBA9 /* Debug */,
				D8FD314D26A5926F00D3FBA9 /* Release */,
			);
			defaultConfigurationIsVisible = 0;
			defaultConfigurationName = Release;
		};
		D8FD314E26A5926F00D3FBA9 /* Build configuration list for PBXNativeTarget "Bullseye" */ = {
			isa = XCConfigurationList;
			buildConfigurations = (
				D8FD314F26A5926F00D3FBA9 /* Debug */,
				D8FD315026A5926F00D3FBA9 /* Release */,
			);
			defaultConfigurationIsVisible = 0;
			defaultConfigurationName = Release;
		};
		D8FD315126A5926F00D3FBA9 /* Build configuration list for PBXNativeTarget "BullseyeTests" */ = {
			isa = XCConfigurationList;
			buildConfigurations = (
				D8FD315226A5926F00D3FBA9 /* Debug */,
				D8FD315326A5926F00D3FBA9 /* Release */,
			);
			defaultConfigurationIsVisible = 0;
			defaultConfigurationName = Release;
		};
		D8FD315426A5926F00D3FBA9 /* Build configuration list for PBXNativeTarget "BullseyeUITests" */ = {
			isa = XCConfigurationList;
			buildConfigurations = (
				D8FD315526A5926F00D3FBA9 /* Debug */,
				D8FD315626A5926F00D3FBA9 /* Release */,
			);
			defaultConfigurationIsVisible = 0;
			defaultConfigurationName = Release;
		};
/* End XCConfigurationList section */
	};
	rootObject = D8FD312126A5926900D3FBA9 /* Project object */;
}
